
Microsoft Visual Studio Solution File, Format Version 12.00
# Visual Studio Version 17
VisualStudioVersion = 17.0.32014.148
MinimumVisualStudioVersion = 10.0.40219.1
Project("{FAE04EC0-301F-11D3-BF4B-00C04F79EFBC}") = "Web.Api.Test", "Web.Api.Test\Web.Api.Test.csproj", "{2A64D965-7213-4B8A-A9D3-D172FD94E4F6}"
EndProject
Project("{FAE04EC0-301F-11D3-BF4B-00C04F79EFBC}") = "Application.Business", "Application.Business\Application.Business.csproj", "{08E63ED5-AB72-40C4-9CDB-CC8FB15D8912}"
EndProject
Global
	GlobalSection(SolutionConfigurationPlatforms) = preSolution
		Debug|Any CPU = Debug|Any CPU
		Release|Any CPU = Release|Any CPU
	EndGlobalSection
	GlobalSection(ProjectConfigurationPlatforms) = postSolution
		{2A64D965-7213-4B8A-A9D3-D172FD94E4F6}.Debug|Any CPU.ActiveCfg = Debug|Any CPU
		{2A64D965-7213-4B8A-A9D3-D172FD94E4F6}.Debug|Any CPU.Build.0 = Debug|Any CPU
		{2A64D965-7213-4B8A-A9D3-D172FD94E4F6}.Release|Any CPU.ActiveCfg = Release|Any CPU
		{2A64D965-7213-4B8A-A9D3-D172FD94E4F6}.Release|Any CPU.Build.0 = Release|Any CPU
		{08E63ED5-AB72-40C4-9CDB-CC8FB15D8912}.Debug|Any CPU.ActiveCfg = Debug|Any CPU
		{08E63ED5-AB72-40C4-9CDB-CC8FB15D8912}.Debug|Any CPU.Build.0 = Debug|Any CPU
		{08E63ED5-AB72-40C4-9CDB-CC8FB15D8912}.Release|Any CPU.ActiveCfg = Release|Any CPU
		{08E63ED5-AB72-40C4-9CDB-CC8FB15D8912}.Release|Any CPU.Build.0 = Release|Any CPU
	EndGlobalSection
	GlobalSection(SolutionProperties) = preSolution
		HideSolutionNode = FALSE
	EndGlobalSection
	GlobalSection(ExtensibilityGlobals) = postSolution
		SolutionGuid = {EA5C6FA1-6D6A-4E38-8103-C49C5C53364B}
	EndGlobalSection
EndGlobal
